
Microsoft Visual Studio Solution File, Format Version 12.00
# Visual Studio Version 16
VisualStudioVersion = 16.0.28315.86
MinimumVisualStudioVersion = 10.0.40219.1
Project("{2150E333-8FDC-42A3-9474-1A3956D46DE8}") = "Engine", "Engine", "{93C057FC-0E91-43CA-BF7F-1F51BFCD2876}"
EndProject
Project("{2150E333-8FDC-42A3-9474-1A3956D46DE8}") = "Games", "Games", "{F6E866DD-9131-4AD1-9DDC-C347C39B8E6A}"
EndProject
Project("{8BC9CEB8-8B4A-11D0-8D11-00A0C91BC942}") = "MoonFlorist", "Intermediate\ProjectFiles\MoonFlorist.vcxproj", "{7A2F3083-658F-47EE-A54E-4A9F98CD941B}"
EndProject
Project("{8BC9CEB8-8B4A-11D0-8D11-00A0C91BC942}") = "UE4", "Intermediate\ProjectFiles\UE4.vcxproj", "{003B5DAC-6857-470A-A9CE-134CA3E17F86}"
EndProject
Project("{2150E333-8FDC-42A3-9474-1A3956D46DE8}") = "Visualizers", "Visualizers", "{60E55832-ECAF-402D-ACC0-5CAF56363AAD}"
	ProjectSection(SolutionItems) = preProject
		..\..\..\ShitGame\UE_4.22\Engine\Extras\VisualStudioDebugging\UE4.natvis = ..\..\..\ShitGame\UE_4.22\Engine\Extras\VisualStudioDebugging\UE4.natvis
	EndProjectSection
EndProject
Global
	GlobalSection(SolutionConfigurationPlatforms) = preSolution
		DebugGame Editor|HTML5 = DebugGame Editor|HTML5
		DebugGame Editor|IOS = DebugGame Editor|IOS
		DebugGame Editor|Win32 = DebugGame Editor|Win32
		DebugGame Editor|Win64 = DebugGame Editor|Win64
		DebugGame|HTML5 = DebugGame|HTML5
		DebugGame|IOS = DebugGame|IOS
		DebugGame|Win32 = DebugGame|Win32
		DebugGame|Win64 = DebugGame|Win64
		Development Editor|HTML5 = Development Editor|HTML5
		Development Editor|IOS = Development Editor|IOS
		Development Editor|Win32 = Development Editor|Win32
		Development Editor|Win64 = Development Editor|Win64
		Development|HTML5 = Development|HTML5
		Development|IOS = Development|IOS
		Development|Win32 = Development|Win32
		Development|Win64 = Development|Win64
		Shipping|HTML5 = Shipping|HTML5
		Shipping|IOS = Shipping|IOS
		Shipping|Win32 = Shipping|Win32
		Shipping|Win64 = Shipping|Win64
	EndGlobalSection
	GlobalSection(ProjectConfigurationPlatforms) = postSolution
		{7A2F3083-658F-47EE-A54E-4A9F98CD941B}.DebugGame Editor|HTML5.ActiveCfg = Invalid|Win32
		{7A2F3083-658F-47EE-A54E-4A9F98CD941B}.DebugGame Editor|IOS.ActiveCfg = Invalid|Win32
		{7A2F3083-658F-47EE-A54E-4A9F98CD941B}.DebugGame Editor|Win32.ActiveCfg = Invalid|Win32
		{7A2F3083-658F-47EE-A54E-4A9F98CD941B}.DebugGame Editor|Win64.ActiveCfg = DebugGame_Editor|x64
		{7A2F3083-658F-47EE-A54E-4A9F98CD941B}.DebugGame Editor|Win64.Build.0 = DebugGame_Editor|x64
		{7A2F3083-658F-47EE-A54E-4A9F98CD941B}.DebugGame|HTML5.ActiveCfg = HTML5_DebugGame|Win32
		{7A2F3083-658F-47EE-A54E-4A9F98CD941B}.DebugGame|HTML5.Build.0 = HTML5_DebugGame|Win32
		{7A2F3083-658F-47EE-A54E-4A9F98CD941B}.DebugGame|IOS.ActiveCfg = IOS_DebugGame|Win32
		{7A2F3083-658F-47EE-A54E-4A9F98CD941B}.DebugGame|IOS.Build.0 = IOS_DebugGame|Win32
		{7A2F3083-658F-47EE-A54E-4A9F98CD941B}.DebugGame|Win32.ActiveCfg = DebugGame|Win32
		{7A2F3083-658F-47EE-A54E-4A9F98CD941B}.DebugGame|Win32.Build.0 = DebugGame|Win32
		{7A2F3083-658F-47EE-A54E-4A9F98CD941B}.DebugGame|Win64.ActiveCfg = DebugGame|x64
		{7A2F3083-658F-47EE-A54E-4A9F98CD941B}.DebugGame|Win64.Build.0 = DebugGame|x64
		{7A2F3083-658F-47EE-A54E-4A9F98CD941B}.Development Editor|HTML5.ActiveCfg = Invalid|Win32
		{7A2F3083-658F-47EE-A54E-4A9F98CD941B}.Development Editor|IOS.ActiveCfg = Invalid|Win32
		{7A2F3083-658F-47EE-A54E-4A9F98CD941B}.Development Editor|Win32.ActiveCfg = Invalid|Win32
		{7A2F3083-658F-47EE-A54E-4A9F98CD941B}.Development Editor|Win64.ActiveCfg = Development_Editor|x64
		{7A2F3083-658F-47EE-A54E-4A9F98CD941B}.Development Editor|Win64.Build.0 = Development_Editor|x64
		{7A2F3083-658F-47EE-A54E-4A9F98CD941B}.Development|HTML5.ActiveCfg = HTML5_Development|Win32
		{7A2F3083-658F-47EE-A54E-4A9F98CD941B}.Development|HTML5.Build.0 = HTML5_Development|Win32
		{7A2F3083-658F-47EE-A54E-4A9F98CD941B}.Development|IOS.ActiveCfg = IOS_Development|Win32
		{7A2F3083-658F-47EE-A54E-4A9F98CD941B}.Development|IOS.Build.0 = IOS_Development|Win32
		{7A2F3083-658F-47EE-A54E-4A9F98CD941B}.Development|Win32.ActiveCfg = Development|Win32
		{7A2F3083-658F-47EE-A54E-4A9F98CD941B}.Development|Win32.Build.0 = Development|Win32
		{7A2F3083-658F-47EE-A54E-4A9F98CD941B}.Development|Win64.ActiveCfg = Development|x64
		{7A2F3083-658F-47EE-A54E-4A9F98CD941B}.Development|Win64.Build.0 = Development|x64
		{7A2F3083-658F-47EE-A54E-4A9F98CD941B}.Shipping|HTML5.ActiveCfg = HTML5_Shipping|Win32
		{7A2F3083-658F-47EE-A54E-4A9F98CD941B}.Shipping|HTML5.Build.0 = HTML5_Shipping|Win32
		{7A2F3083-658F-47EE-A54E-4A9F98CD941B}.Shipping|IOS.ActiveCfg = IOS_Shipping|Win32
		{7A2F3083-658F-47EE-A54E-4A9F98CD941B}.Shipping|IOS.Build.0 = IOS_Shipping|Win32
		{7A2F3083-658F-47EE-A54E-4A9F98CD941B}.Shipping|Win32.ActiveCfg = Shipping|Win32
		{7A2F3083-658F-47EE-A54E-4A9F98CD941B}.Shipping|Win32.Build.0 = Shipping|Win32
		{7A2F3083-658F-47EE-A54E-4A9F98CD941B}.Shipping|Win64.ActiveCfg = Shipping|x64
		{7A2F3083-658F-47EE-A54E-4A9F98CD941B}.Shipping|Win64.Build.0 = Shipping|x64
		{003B5DAC-6857-470A-A9CE-134CA3E17F86}.DebugGame Editor|HTML5.ActiveCfg = BuiltWithUnrealBuildTool|Win32
		{003B5DAC-6857-470A-A9CE-134CA3E17F86}.DebugGame Editor|IOS.ActiveCfg = BuiltWithUnrealBuildTool|Win32
		{003B5DAC-6857-470A-A9CE-134CA3E17F86}.DebugGame Editor|Win32.ActiveCfg = BuiltWithUnrealBuildTool|Win32
		{003B5DAC-6857-470A-A9CE-134CA3E17F86}.DebugGame Editor|Win64.ActiveCfg = BuiltWithUnrealBuildTool|Win32
		{003B5DAC-6857-470A-A9CE-134CA3E17F86}.DebugGame|HTML5.ActiveCfg = BuiltWithUnrealBuildTool|Win32
		{003B5DAC-6857-470A-A9CE-134CA3E17F86}.DebugGame|IOS.ActiveCfg = BuiltWithUnrealBuildTool|Win32
		{003B5DAC-6857-470A-A9CE-134CA3E17F86}.DebugGame|Win32.ActiveCfg = BuiltWithUnrealBuildTool|Win32
		{003B5DAC-6857-470A-A9CE-134CA3E17F86}.DebugGame|Win64.ActiveCfg = BuiltWithUnrealBuildTool|Win32
		{003B5DAC-6857-470A-A9CE-134CA3E17F86}.Development Editor|HTML5.ActiveCfg = BuiltWithUnrealBuildTool|Win32
		{003B5DAC-6857-470A-A9CE-134CA3E17F86}.Development Editor|IOS.ActiveCfg = BuiltWithUnrealBuildTool|Win32
		{003B5DAC-6857-470A-A9CE-134CA3E17F86}.Development Editor|Win32.ActiveCfg = BuiltWithUnrealBuildTool|Win32
		{003B5DAC-6857-470A-A9CE-134CA3E17F86}.Development Editor|Win64.ActiveCfg = BuiltWithUnrealBuildTool|Win32
		{003B5DAC-6857-470A-A9CE-134CA3E17F86}.Development|HTML5.ActiveCfg = BuiltWithUnrealBuildTool|Win32
		{003B5DAC-6857-470A-A9CE-134CA3E17F86}.Development|IOS.ActiveCfg = BuiltWithUnrealBuildTool|Win32
		{003B5DAC-6857-470A-A9CE-134CA3E17F86}.Development|Win32.ActiveCfg = BuiltWithUnrealBuildTool|Win32
		{003B5DAC-6857-470A-A9CE-134CA3E17F86}.Development|Win64.ActiveCfg = BuiltWithUnrealBuildTool|Win32
		{003B5DAC-6857-470A-A9CE-134CA3E17F86}.Shipping|HTML5.ActiveCfg = BuiltWithUnrealBuildTool|Win32
		{003B5DAC-6857-470A-A9CE-134CA3E17F86}.Shipping|IOS.ActiveCfg = BuiltWithUnrealBuildTool|Win32
		{003B5DAC-6857-470A-A9CE-134CA3E17F86}.Shipping|Win32.ActiveCfg = BuiltWithUnrealBuildTool|Win32
		{003B5DAC-6857-470A-A9CE-134CA3E17F86}.Shipping|Win64.ActiveCfg = BuiltWithUnrealBuildTool|Win32
	EndGlobalSection
	GlobalSection(SolutionProperties) = preSolution
		HideSolutionNode = FALSE
	EndGlobalSection
	GlobalSection(NestedProjects) = preSolution
		{003B5DAC-6857-470A-A9CE-134CA3E17F86} = {93C057FC-0E91-43CA-BF7F-1F51BFCD2876}
		{7A2F3083-658F-47EE-A54E-4A9F98CD941B} = {F6E866DD-9131-4AD1-9DDC-C347C39B8E6A}
	EndGlobalSection
EndGlobal
